// !$*UTF8*$!
{
	archiveVersion = 1;
	classes = {
	};
	objectVersion = 55;
	objects = {

/* Begin PBXBuildFile section */
		0BF663DB2886D744008E9DB5 /* ShopperApp.swift in Sources */ = {isa = PBXBuildFile; fileRef = 0BF663DA2886D744008E9DB5 /* ShopperApp.swift */; };
		0BF663DD2886D744008E9DB5 /* ContentView.swift in Sources */ = {isa = PBXBuildFile; fileRef = 0BF663DC2886D744008E9DB5 /* ContentView.swift */; };
		0BF663DF2886D746008E9DB5 /* Assets.xcassets in Resources */ = {isa = PBXBuildFile; fileRef = 0BF663DE2886D746008E9DB5 /* Assets.xcassets */; };
		0BF663E22886D746008E9DB5 /* Preview Assets.xcassets in Resources */ = {isa = PBXBuildFile; fileRef = 0BF663E12886D746008E9DB5 /* Preview Assets.xcassets */; };
		0BF663EA2886EE78008E9DB5 /* Product.swift in Sources */ = {isa = PBXBuildFile; fileRef = 0BF663E92886EE78008E9DB5 /* Product.swift */; };
		0BF663ED2886EFFC008E9DB5 /* ProductCard.swift in Sources */ = {isa = PBXBuildFile; fileRef = 0BF663EC2886EFFC008E9DB5 /* ProductCard.swift */; };
		0BF663F02886FA51008E9DB5 /* CartButton.swift in Sources */ = {isa = PBXBuildFile; fileRef = 0BF663EF2886FA51008E9DB5 /* CartButton.swift */; };
		0BF663F22886FC3F008E9DB5 /* CartView.swift in Sources */ = {isa = PBXBuildFile; fileRef = 0BF663F12886FC3F008E9DB5 /* CartView.swift */; };
		0BF663F42886FD25008E9DB5 /* CartManager.swift in Sources */ = {isa = PBXBuildFile; fileRef = 0BF663F32886FD25008E9DB5 /* CartManager.swift */; };
		0BF663F628870028008E9DB5 /* ProductRow.swift in Sources */ = {isa = PBXBuildFile; fileRef = 0BF663F528870028008E9DB5 /* ProductRow.swift */; };
/* End PBXBuildFile section */

/* Begin PBXFileReference section */
		0BF663D72886D744008E9DB5 /* Shopper.app */ = {isa = PBXFileReference; explicitFileType = wrapper.application; includeInIndex = 0; path = Shopper.app; sourceTree = BUILT_PRODUCTS_DIR; };
		0BF663DA2886D744008E9DB5 /* ShopperApp.swift */ = {isa = PBXFileReference; lastKnownFileType = sourcecode.swift; path = ShopperApp.swift; sourceTree = "<group>"; };
		0BF663DC2886D744008E9DB5 /* ContentView.swift */ = {isa = PBXFileReference; lastKnownFileType = sourcecode.swift; path = ContentView.swift; sourceTree = "<group>"; };
		0BF663DE2886D746008E9DB5 /* Assets.xcassets */ = {isa = PBXFileReference; lastKnownFileType = folder.assetcatalog; path = Assets.xcassets; sourceTree = "<group>"; };
		0BF663E12886D746008E9DB5 /* Preview Assets.xcassets */ = {isa = PBXFileReference; lastKnownFileType = folder.assetcatalog; path = "Preview Assets.xcassets"; sourceTree = "<group>"; };
		0BF663E92886EE78008E9DB5 /* Product.swift */ = {isa = PBXFileReference; lastKnownFileType = sourcecode.swift; path = Product.swift; sourceTree = "<group>"; };
		0BF663EC2886EFFC008E9DB5 /* ProductCard.swift */ = {isa = PBXFileReference; lastKnownFileType = sourcecode.swift; path = ProductCard.swift; sourceTree = "<group>"; };
		0BF663EF2886FA51008E9DB5 /* CartButton.swift */ = {isa = PBXFileReference; lastKnownFileType = sourcecode.swift; path = CartButton.swift; sourceTree = "<group>"; };
		0BF663F12886FC3F008E9DB5 /* CartView.swift */ = {isa = PBXFileReference; lastKnownFileType = sourcecode.swift; path = CartView.swift; sourceTree = "<group>"; };
		0BF663F32886FD25008E9DB5 /* CartManager.swift */ = {isa = PBXFileReference; lastKnownFileType = sourcecode.swift; path = CartManager.swift; sourceTree = "<group>"; };
		0BF663F528870028008E9DB5 /* ProductRow.swift */ = {isa = PBXFileReference; lastKnownFileType = sourcecode.swift; path = ProductRow.swift; sourceTree = "<group>"; };
/* End PBXFileReference section */

/* Begin PBXFrameworksBuildPhase section */
		0BF663D42886D744008E9DB5 /* Frameworks */ = {
			isa = PBXFrameworksBuildPhase;
			buildActionMask = 2147483647;
			files = (
			);
			runOnlyForDeploymentPostprocessing = 0;
		};
/* End PBXFrameworksBuildPhase section */

/* Begin PBXGroup section */
		0BF663CE2886D744008E9DB5 = {
			isa = PBXGroup;
			children = (
				0BF663D92886D744008E9DB5 /* Shopper */,
				0BF663D82886D744008E9DB5 /* Products */,
			);
			sourceTree = "<group>";
		};
		0BF663D82886D744008E9DB5 /* Products */ = {
			isa = PBXGroup;
			children = (
				0BF663D72886D744008E9DB5 /* Shopper.app */,
			);
			name = Products;
			sourceTree = "<group>";
		};
		0BF663D92886D744008E9DB5 /* Shopper */ = {
			isa = PBXGroup;
			children = (
				0BF663DA2886D744008E9DB5 /* ShopperApp.swift */,
				0BF663EE2886F780008E9DB5 /* Views */,
				0BF663EB2886EFD1008E9DB5 /* Components */,
				0BF663E82886EE65008E9DB5 /* Models */,
				0BF663DE2886D746008E9DB5 /* Assets.xcassets */,
				0BF663E02886D746008E9DB5 /* Preview Content */,
				0BF663F32886FD25008E9DB5 /* CartManager.swift */,
			);
			path = Shopper;
			sourceTree = "<group>";
		};
		0BF663E02886D746008E9DB5 /* Preview Content */ = {
			isa = PBXGroup;
			children = (
				0BF663E12886D746008E9DB5 /* Preview Assets.xcassets */,
			);
			path = "Preview Content";
			sourceTree = "<group>";
		};
		0BF663E82886EE65008E9DB5 /* Models */ = {
			isa = PBXGroup;
			children = (
				0BF663E92886EE78008E9DB5 /* Product.swift */,
			);
			path = Models;
			sourceTree = "<group>";
		};
		0BF663EB2886EFD1008E9DB5 /* Components */ = {
			isa = PBXGroup;
			children = (
				0BF663EC2886EFFC008E9DB5 /* ProductCard.swift */,
			);
			path = Components;
			sourceTree = "<group>";
		};
		0BF663EE2886F780008E9DB5 /* Views */ = {
			isa = PBXGroup;
			children = (
				0BF663DC2886D744008E9DB5 /* ContentView.swift */,
				0BF663EF2886FA51008E9DB5 /* CartButton.swift */,
				0BF663F12886FC3F008E9DB5 /* CartView.swift */,
				0BF663F528870028008E9DB5 /* ProductRow.swift */,
			);
			path = Views;
			sourceTree = "<group>";
		};
/* End PBXGroup section */

/* Begin PBXNativeTarget section */
		0BF663D62886D744008E9DB5 /* Shopper */ = {
			isa = PBXNativeTarget;
			buildConfigurationList = 0BF663E52886D746008E9DB5 /* Build configuration list for PBXNativeTarget "Shopper" */;
			buildPhases = (
				0BF663D32886D744008E9DB5 /* Sources */,
				0BF663D42886D744008E9DB5 /* Frameworks */,
				0BF663D52886D744008E9DB5 /* Resources */,
			);
			buildRules = (
			);
			dependencies = (
			);
			name = Shopper;
			productName = Shopper;
			productReference = 0BF663D72886D744008E9DB5 /* Shopper.app */;
			productType = "com.apple.product-type.application";
		};
/* End PBXNativeTarget section */

/* Begin PBXProject section */
		0BF663CF2886D744008E9DB5 /* Project object */ = {
			isa = PBXProject;
			attributes = {
				BuildIndependentTargetsInParallel = 1;
				LastSwiftUpdateCheck = 1340;
				LastUpgradeCheck = 1340;
				TargetAttributes = {
					0BF663D62886D744008E9DB5 = {
						CreatedOnToolsVersion = 13.4;
					};
				};
			};
			buildConfigurationList = 0BF663D22886D744008E9DB5 /* Build configuration list for PBXProject "Shopper" */;
			compatibilityVersion = "Xcode 13.0";
			developmentRegion = en;
			hasScannedForEncodings = 0;
			knownRegions = (
				en,
				Base,
			);
			mainGroup = 0BF663CE2886D744008E9DB5;
			productRefGroup = 0BF663D82886D744008E9DB5 /* Products */;
			projectDirPath = "";
			projectRoot = "";
			targets = (
				0BF663D62886D744008E9DB5 /* Shopper */,
			);
		};
/* End PBXProject section */

/* Begin PBXResourcesBuildPhase section */
		0BF663D52886D744008E9DB5 /* Resources */ = {
			isa = PBXResourcesBuildPhase;
			buildActionMask = 2147483647;
			files = (
				0BF663E22886D746008E9DB5 /* Preview Assets.xcassets in Resources */,
				0BF663DF2886D746008E9DB5 /* Assets.xcassets in Resources */,
			);
			runOnlyForDeploymentPostprocessing = 0;
		};
/* End PBXResourcesBuildPhase section */

/* Begin PBXSourcesBuildPhase section */
		0BF663D32886D744008E9DB5 /* Sources */ = {
			isa = PBXSourcesBuildPhase;
			buildActionMask = 2147483647;
			files = (
				0BF663F22886FC3F008E9DB5 /* CartView.swift in Sources */,
				0BF663DD2886D744008E9DB5 /* ContentView.swift in Sources */,
				0BF663F42886FD25008E9DB5 /* CartManager.swift in Sources */,
				0BF663DB2886D744008E9DB5 /* ShopperApp.swift in Sources */,
				0BF663F628870028008E9DB5 /* ProductRow.swift in Sources */,
				0BF663EA2886EE78008E9DB5 /* Product.swift in Sources */,
				0BF663ED2886EFFC008E9DB5 /* ProductCard.swift in Sources */,
				0BF663F02886FA51008E9DB5 /* CartButton.swift in Sources */,
			);
			runOnlyForDeploymentPostprocessing = 0;
		};
/* End PBXSourcesBuildPhase section */

/* Begin XCBuildConfiguration section */
		0BF663E32886D746008E9DB5 /* Debug */ = {
			isa = XCBuildConfiguration;
			buildSettings = {
				ALWAYS_SEARCH_USER_PATHS = NO;
				CLANG_ANALYZER_NONNULL = YES;
				CLANG_ANALYZER_NUMBER_OBJECT_CONVERSION = YES_AGGRESSIVE;
				CLANG_CXX_LANGUAGE_STANDARD = "gnu++17";
				CLANG_ENABLE_MODULES = YES;
				CLANG_ENABLE_OBJC_ARC = YES;
				CLANG_ENABLE_OBJC_WEAK = YES;
				CLANG_WARN_BLOCK_CAPTURE_AUTORELEASING = YES;
				CLANG_WARN_BOOL_CONVERSION = YES;
				CLANG_WARN_COMMA = YES;
				CLANG_WARN_CONSTANT_CONVERSION = YES;
				CLANG_WARN_DEPRECATED_OBJC_IMPLEMENTATIONS = YES;
				CLANG_WARN_DIRECT_OBJC_ISA_USAGE = YES_ERROR;
				CLANG_WARN_DOCUMENTATION_COMMENTS = YES;
				CLANG_WARN_EMPTY_BODY = YES;
				CLANG_WARN_ENUM_CONVERSION = YES;
				CLANG_WARN_INFINITE_RECURSION = YES;
				CLANG_WARN_INT_CONVERSION = YES;
				CLANG_WARN_NON_LITERAL_NULL_CONVERSION = YES;
				CLANG_WARN_OBJC_IMPLICIT_RETAIN_SELF = YES;
				CLANG_WARN_OBJC_LITERAL_CONVERSION = YES;
				CLANG_WARN_OBJC_ROOT_CLASS = YES_ERROR;
				CLANG_WARN_QUOTED_INCLUDE_IN_FRAMEWORK_HEADER = YES;
				CLANG_WARN_RANGE_LOOP_ANALYSIS = YES;
				CLANG_WARN_STRICT_PROTOTYPES = YES;
				CLANG_WARN_SUSPICIOUS_MOVE = YES;
				CLANG_WARN_UNGUARDED_AVAILABILITY = YES_AGGRESSIVE;
				CLANG_WARN_UNREACHABLE_CODE = YES;
				CLANG_WARN__DUPLICATE_METHOD_MATCH = YES;
				COPY_PHASE_STRIP = NO;
				DEBUG_INFORMATION_FORMAT = dwarf;
				ENABLE_STRICT_OBJC_MSGSEND = YES;
				ENABLE_TESTABILITY = YES;
				GCC_C_LANGUAGE_STANDARD = gnu11;
				GCC_DYNAMIC_NO_PIC = NO;
				GCC_NO_COMMON_BLOCKS = YES;
				GCC_OPTIMIZATION_LEVEL = 0;
				GCC_PREPROCESSOR_DEFINITIONS = (
					"DEBUG=1",
					"$(inherited)",
				);
				GCC_WARN_64_TO_32_BIT_CONVERSION = YES;
				GCC_WARN_ABOUT_RETURN_TYPE = YES_ERROR;
				GCC_WARN_UNDECLARED_SELECTOR = YES;
				GCC_WARN_UNINITIALIZED_AUTOS = YES_AGGRESSIVE;
				GCC_WARN_UNUSED_FUNCTION = YES;
				GCC_WARN_UNUSED_VARIABLE = YES;
				IPHONEOS_DEPLOYMENT_TARGET = 15.5;
				MTL_ENABLE_DEBUG_INFO = INCLUDE_SOURCE;
				MTL_FAST_MATH = YES;
				ONLY_ACTIVE_ARCH = YES;
				SDKROOT = iphoneos;
				SWIFT_ACTIVE_COMPILATION_CONDITIONS = DEBUG;
				SWIFT_OPTIMIZATION_LEVEL = "-Onone";
			};
			name = Debug;
		};
		0BF663E42886D746008E9DB5 /* Release */ = {
			isa = XCBuildConfiguration;
			buildSettings = {
				ALWAYS_SEARCH_USER_PATHS = NO;
				CLANG_ANALYZER_NONNULL = YES;
				CLANG_ANALYZER_NUMBER_OBJECT_CONVERSION = YES_AGGRESSIVE;
				CLANG_CXX_LANGUAGE_STANDARD = "gnu++17";
				CLANG_ENABLE_MODULES = YES;
				CLANG_ENABLE_OBJC_ARC = YES;
				CLANG_ENABLE_OBJC_WEAK = YES;
				CLANG_WARN_BLOCK_CAPTURE_AUTORELEASING = YES;
				CLANG_WARN_BOOL_CONVERSION = YES;
				CLANG_WARN_COMMA = YES;
				CLANG_WARN_CONSTANT_CONVERSION = YES;
				CLANG_WARN_DEPRECATED_OBJC_IMPLEMENTATIONS = YES;
				CLANG_WARN_DIRECT_OBJC_ISA_USAGE = YES_ERROR;
				CLANG_WARN_DOCUMENTATION_COMMENTS = YES;
				CLANG_WARN_EMPTY_BODY = YES;
				CLANG_WARN_ENUM_CONVERSION = YES;
				CLANG_WARN_INFINITE_RECURSION = YES;
				CLANG_WARN_INT_CONVERSION = YES;
				CLANG_WARN_NON_LITERAL_NULL_CONVERSION = YES;
				CLANG_WARN_OBJC_IMPLICIT_RETAIN_SELF = YES;
				CLANG_WARN_OBJC_LITERAL_CONVERSION = YES;
				CLANG_WARN_OBJC_ROOT_CLASS = YES_ERROR;
				CLANG_WARN_QUOTED_INCLUDE_IN_FRAMEWORK_HEADER = YES;
				CLANG_WARN_RANGE_LOOP_ANALYSIS = YES;
				CLANG_WARN_STRICT_PROTOTYPES = YES;
				CLANG_WARN_SUSPICIOUS_MOVE = YES;
				CLANG_WARN_UNGUARDED_AVAILABILITY = YES_AGGRESSIVE;
				CLANG_WARN_UNREACHABLE_CODE = YES;
				CLANG_WARN__DUPLICATE_METHOD_MATCH = YES;
				COPY_PHASE_STRIP = NO;
				DEBUG_INFORMATION_FORMAT = "dwarf-with-dsym";
				ENABLE_NS_ASSERTIONS = NO;
				ENABLE_STRICT_OBJC_MSGSEND = YES;
				GCC_C_LANGUAGE_STANDARD = gnu11;
				GCC_NO_COMMON_BLOCKS = YES;
				GCC_WARN_64_TO_32_BIT_CONVERSION = YES;
				GCC_WARN_ABOUT_RETURN_TYPE = YES_ERROR;
				GCC_WARN_UNDECLARED_SELECTOR = YES;
				GCC_WARN_UNINITIALIZED_AUTOS = YES_AGGRESSIVE;
				GCC_WARN_UNUSED_FUNCTION = YES;
				GCC_WARN_UNUSED_VARIABLE = YES;
				IPHONEOS_DEPLOYMENT_TARGET = 15.5;
				MTL_ENABLE_DEBUG_INFO = NO;
				MTL_FAST_MATH = YES;
				SDKROOT = iphoneos;
				SWIFT_COMPILATION_MODE = wholemodule;
				SWIFT_OPTIMIZATION_LEVEL = "-O";
				VALIDATE_PRODUCT = YES;
			};
			name = Release;
		};
		0BF663E62886D746008E9DB5 /* Debug */ = {
			isa = XCBuildConfiguration;
			buildSettings = {
				ASSETCATALOG_COMPILER_APPICON_NAME = AppIcon;
				ASSETCATALOG_COMPILER_GLOBAL_ACCENT_COLOR_NAME = AccentColor;
				CODE_SIGN_STYLE = Automatic;
				CURRENT_PROJECT_VERSION = 1;
				DEVELOPMENT_ASSET_PATHS = "\"Shopper/Preview Content\"";
				DEVELOPMENT_TEAM = 327B2F3V2J;
				ENABLE_PREVIEWS = YES;
				GENERATE_INFOPLIST_FILE = YES;
				INFOPLIST_KEY_UIApplicationSceneManifest_Generation = YES;
				INFOPLIST_KEY_UIApplicationSupportsIndirectInputEvents = YES;
				INFOPLIST_KEY_UILaunchScreen_Generation = YES;
				INFOPLIST_KEY_UISupportedInterfaceOrientations_iPad = "UIInterfaceOrientationPortrait UIInterfaceOrientationPortraitUpsideDown UIInterfaceOrientationLandscapeLeft UIInterfaceOrientationLandscapeRight";
				INFOPLIST_KEY_UISupportedInterfaceOrientations_iPhone = "UIInterfaceOrientationPortrait UIInterfaceOrientationLandscapeLeft UIInterfaceOrientationLandscapeRight";
				LD_RUNPATH_SEARCH_PATHS = (
					"$(inherited)",
					"@executable_path/Frameworks",
				);
				MARKETING_VERSION = 1.0;
				PRODUCT_BUNDLE_IDENTIFIER = com.Mr.Ki.Shopper;
				PRODUCT_NAME = "$(TARGET_NAME)";
				SWIFT_EMIT_LOC_STRINGS = YES;
				SWIFT_VERSION = 5.0;
				TARGETED_DEVICE_FAMILY = "1,2";
			};
			name = Debug;
		};
		0BF663E72886D746008E9DB5 /* Release */ = {
			isa = XCBuildConfiguration;
			buildSettings = {
				ASSETCATALOG_COMPILER_APPICON_NAME = AppIcon;
				ASSETCATALOG_COMPILER_GLOBAL_ACCENT_COLOR_NAME = AccentColor;
				CODE_SIGN_STYLE = Automatic;
				CURRENT_PROJECT_VERSION = 1;
				DEVELOPMENT_ASSET_PATHS = "\"Shopper/Preview Content\"";
				DEVELOPMENT_TEAM = 327B2F3V2J;
				ENABLE_PREVIEWS = YES;
				GENERATE_INFOPLIST_FILE = YES;
				INFOPLIST_KEY_UIApplicationSceneManifest_Generation = YES;
				INFOPLIST_KEY_UIApplicationSupportsIndirectInputEvents = YES;
				INFOPLIST_KEY_UILaunchScreen_Generation = YES;
				INFOPLIST_KEY_UISupportedInterfaceOrientations_iPad = "UIInterfaceOrientationPortrait UIInterfaceOrientationPortraitUpsideDown UIInterfaceOrientationLandscapeLeft UIInterfaceOrientationLandscapeRight";
				INFOPLIST_KEY_UISupportedInterfaceOrientations_iPhone = "UIInterfaceOrientationPortrait UIInterfaceOrientationLandscapeLeft UIInterfaceOrientationLandscapeRight";
				LD_RUNPATH_SEARCH_PATHS = (
					"$(inherited)",
					"@executable_path/Frameworks",
				);
				MARKETING_VERSION = 1.0;
				PRODUCT_BUNDLE_IDENTIFIER = com.Mr.Ki.Shopper;
				PRODUCT_NAME = "$(TARGET_NAME)";
				SWIFT_EMIT_LOC_STRINGS = YES;
				SWIFT_VERSION = 5.0;
				TARGETED_DEVICE_FAMILY = "1,2";
			};
			name = Release;
		};
/* End XCBuildConfiguration section */

/* Begin XCConfigurationList section */
		0BF663D22886D744008E9DB5 /* Build configuration list for PBXProject "Shopper" */ = {
			isa = XCConfigurationList;
			buildConfigurations = (
				0BF663E32886D746008E9DB5 /* Debug */,
				0BF663E42886D746008E9DB5 /* Release */,
			);
			defaultConfigurationIsVisible = 0;
			defaultConfigurationName = Release;
		};
		0BF663E52886D746008E9DB5 /* Build configuration list for PBXNativeTarget "Shopper" */ = {
			isa = XCConfigurationList;
			buildConfigurations = (
				0BF663E62886D746008E9DB5 /* Debug */,
				0BF663E72886D746008E9DB5 /* Release */,
			);
			defaultConfigurationIsVisible = 0;
			defaultConfigurationName = Release;
		};
/* End XCConfigurationList section */
	};
	rootObject = 0BF663CF2886D744008E9DB5 /* Project object */;
}
